github.com/authplane/go-sdk/core v0.3.0 h1:sl2fDvOh1Oc8O/+iZ+Kqq0xC5vn7JPohHQU+rhzpAt8=
github.com/authplane/go-sdk/core v0.3.0/go.mod h1:MG4lXcApugXCwXnXwMfOJxfmezK6Sk1V87stBuZaILw=
github.com/go-jose/go-jose/v4 v4.1.4 h1:moDMcTHmvE6Groj34emNPLs/qtYXRVcd6S7NHbHz3kA=
github.com/go-jose/go-jose/v4 v4.1.4/go.mod h1:x4oUasVrzR7071A4TnHLGSPpNOm2a21K9Kf04k1rs08=
